
Microsoft Visual Studio Solution File, Format Version 12.00
# Visual Studio Version 17
VisualStudioVersion = 17.8.34525.116
MinimumVisualStudioVersion = 10.0.40219.1
Project("{FAE04EC0-301F-11D3-BF4B-00C04F79EFBC}") = "Server", "Server.csproj", "{582410BD-4448-4AFF-AF8C-E0203E31D79B}"
EndProject
Global
	GlobalSection(SolutionConfigurationPlatforms) = preSolution
		Debug|Any CPU = Debug|Any CPU
		Release|Any CPU = Release|Any CPU
	EndGlobalSection
	GlobalSection(ProjectConfigurationPlatforms) = postSolution
		{582410BD-4448-4AFF-AF8C-E0203E31D79B}.Debug|Any CPU.ActiveCfg = Debug|Any CPU
		{582410BD-4448-4AFF-AF8C-E0203E31D79B}.Debug|Any CPU.Build.0 = Debug|Any CPU
		{582410BD-4448-4AFF-AF8C-E0203E31D79B}.Release|Any CPU.ActiveCfg = Release|Any CPU
		{582410BD-4448-4AFF-AF8C-E0203E31D79B}.Release|Any CPU.Build.0 = Release|Any CPU
	EndGlobalSection
	GlobalSection(SolutionProperties) = preSolution
		HideSolutionNode = FALSE
	EndGlobalSection
	GlobalSection(ExtensibilityGlobals) = postSolution
		SolutionGuid = {8347759B-EFD7-43ED-9FA4-EBFDF4C65AD8}
	EndGlobalSection
EndGlobal
